
Microsoft Visual Studio Solution File, Format Version 12.00
# Visual Studio 14
VisualStudioVersion = 14.0.25420.1
MinimumVisualStudioVersion = 10.0.40219.1
Project("{FAE04EC0-301F-11D3-BF4B-00C04F79EFBC}") = "BangazonTaskTracker", "BangazonTaskTracker\BangazonTaskTracker.csproj", "{DA3F6A7E-D37D-48DC-93FA-F67A40285BDF}"
EndProject
Project("{FAE04EC0-301F-11D3-BF4B-00C04F79EFBC}") = "BangazonTaskTracker.Tests", "BangazonTaskTracker.Tests\BangazonTaskTracker.Tests.csproj", "{4D8B6FC1-994E-4863-920E-8FAD5AD70C1C}"
EndProject
Global
	GlobalSection(SolutionConfigurationPlatforms) = preSolution
		Debug|Any CPU = Debug|Any CPU
		Release|Any CPU = Release|Any CPU
	EndGlobalSection
	GlobalSection(ProjectConfigurationPlatforms) = postSolution
		{DA3F6A7E-D37D-48DC-93FA-F67A40285BDF}.Debug|Any CPU.ActiveCfg = Debug|Any CPU
		{DA3F6A7E-D37D-48DC-93FA-F67A40285BDF}.Debug|Any CPU.Build.0 = Debug|Any CPU
		{DA3F6A7E-D37D-48DC-93FA-F67A40285BDF}.Release|Any CPU.ActiveCfg = Release|Any CPU
		{DA3F6A7E-D37D-48DC-93FA-F67A40285BDF}.Release|Any CPU.Build.0 = Release|Any CPU
		{4D8B6FC1-994E-4863-920E-8FAD5AD70C1C}.Debug|Any CPU.ActiveCfg = Debug|Any CPU
		{4D8B6FC1-994E-4863-920E-8FAD5AD70C1C}.Debug|Any CPU.Build.0 = Debug|Any CPU
		{4D8B6FC1-994E-4863-920E-8FAD5AD70C1C}.Release|Any CPU.ActiveCfg = Release|Any CPU
		{4D8B6FC1-994E-4863-920E-8FAD5AD70C1C}.Release|Any CPU.Build.0 = Release|Any CPU
	EndGlobalSection
	GlobalSection(SolutionProperties) = preSolution
		HideSolutionNode = FALSE
	EndGlobalSection
EndGlobal
